
Microsoft Visual Studio Solution File, Format Version 12.00
# Visual Studio Version 17
VisualStudioVersion = 17.0.31903.59
MinimumVisualStudioVersion = 10.0.40219.1
Project("{9A19103F-16F7-4668-BE54-9A1E7A4F7556}") = "SchoolManager", "SchoolManager\SchoolManager.csproj", "{53434636-3ACC-47DB-821F-6B791B987B08}"
EndProject
Project("{9A19103F-16F7-4668-BE54-9A1E7A4F7556}") = "SchoolManager.Core", "SchoolManager.Core\SchoolManager.Core.csproj", "{5333CBCB-B59D-4190-8426-B3B13006D1A3}"
EndProject
Project("{9A19103F-16F7-4668-BE54-9A1E7A4F7556}") = "SchoolManager.Infrastructure", "SchoolManager.Infrastructure\SchoolManager.Infrastructure.csproj", "{8DA6A7A1-7112-4984-86F7-7AA4569F340C}"
EndProject
Project("{FAE04EC0-301F-11D3-BF4B-00C04F79EFBC}") = "SchoolManager.Test", "SchoolManager.Test\SchoolManager.Test.csproj", "{E4E00B7A-0FED-4336-A3EB-840AD381FD20}"
EndProject
Global
	GlobalSection(SolutionConfigurationPlatforms) = preSolution
		Debug|Any CPU = Debug|Any CPU
		Release|Any CPU = Release|Any CPU
	EndGlobalSection
	GlobalSection(ProjectConfigurationPlatforms) = postSolution
		{53434636-3ACC-47DB-821F-6B791B987B08}.Debug|Any CPU.ActiveCfg = Debug|Any CPU
		{53434636-3ACC-47DB-821F-6B791B987B08}.Debug|Any CPU.Build.0 = Debug|Any CPU
		{53434636-3ACC-47DB-821F-6B791B987B08}.Release|Any CPU.ActiveCfg = Release|Any CPU
		{53434636-3ACC-47DB-821F-6B791B987B08}.Release|Any CPU.Build.0 = Release|Any CPU
		{5333CBCB-B59D-4190-8426-B3B13006D1A3}.Debug|Any CPU.ActiveCfg = Debug|Any CPU
		{5333CBCB-B59D-4190-8426-B3B13006D1A3}.Debug|Any CPU.Build.0 = Debug|Any CPU
		{5333CBCB-B59D-4190-8426-B3B13006D1A3}.Release|Any CPU.ActiveCfg = Release|Any CPU
		{5333CBCB-B59D-4190-8426-B3B13006D1A3}.Release|Any CPU.Build.0 = Release|Any CPU
		{8DA6A7A1-7112-4984-86F7-7AA4569F340C}.Debug|Any CPU.ActiveCfg = Debug|Any CPU
		{8DA6A7A1-7112-4984-86F7-7AA4569F340C}.Debug|Any CPU.Build.0 = Debug|Any CPU
		{8DA6A7A1-7112-4984-86F7-7AA4569F340C}.Release|Any CPU.ActiveCfg = Release|Any CPU
		{8DA6A7A1-7112-4984-86F7-7AA4569F340C}.Release|Any CPU.Build.0 = Release|Any CPU
		{E4E00B7A-0FED-4336-A3EB-840AD381FD20}.Debug|Any CPU.ActiveCfg = Debug|Any CPU
		{E4E00B7A-0FED-4336-A3EB-840AD381FD20}.Debug|Any CPU.Build.0 = Debug|Any CPU
		{E4E00B7A-0FED-4336-A3EB-840AD381FD20}.Release|Any CPU.ActiveCfg = Release|Any CPU
		{E4E00B7A-0FED-4336-A3EB-840AD381FD20}.Release|Any CPU.Build.0 = Release|Any CPU
	EndGlobalSection
	GlobalSection(SolutionProperties) = preSolution
		HideSolutionNode = FALSE
	EndGlobalSection
	GlobalSection(ExtensibilityGlobals) = postSolution
		SolutionGuid = {E8F06CF1-9976-422A-A486-7284A0E6E439}
	EndGlobalSection
EndGlobal
